
Microsoft Visual Studio Solution File, Format Version 12.00
# Visual Studio Version 16
VisualStudioVersion = 16.0.31005.135
MinimumVisualStudioVersion = 10.0.40219.1
Project("{FAE04EC0-301F-11D3-BF4B-00C04F79EFBC}") = "DataGridXamarin.UWP", "DataGridXamarin.UWP\DataGridXamarin.UWP.csproj", "{FC9A8731-D13D-4750-9EA7-CA9AF2FB09E5}"
EndProject
Project("{FAE04EC0-301F-11D3-BF4B-00C04F79EFBC}") = "DataGridXamarin.Android", "DataGridXamarin.Android\DataGridXamarin.Android.csproj", "{32CD5915-416B-45F1-A28A-7B38890A7A9C}"
EndProject
Project("{FAE04EC0-301F-11D3-BF4B-00C04F79EFBC}") = "DataGridXamarin.iOS", "DataGridXamarin.iOS\DataGridXamarin.iOS.csproj", "{3E7DCE9E-AE77-4E9E-9CB6-57FD2C2DE8EA}"
EndProject
Project("{FAE04EC0-301F-11D3-BF4B-00C04F79EFBC}") = "DataGridXamarin", "DataGridXamarin\DataGridXamarin.csproj", "{025EEA68-07B0-419B-BB91-CCE53568C410}"
EndProject
Global
	GlobalSection(SolutionConfigurationPlatforms) = preSolution
		Debug|Any CPU = Debug|Any CPU
		Debug|ARM = Debug|ARM
		Debug|iPhone = Debug|iPhone
		Debug|iPhoneSimulator = Debug|iPhoneSimulator
		Debug|x64 = Debug|x64
		Debug|x86 = Debug|x86
		Release|Any CPU = Release|Any CPU
		Release|ARM = Release|ARM
		Release|iPhone = Release|iPhone
		Release|iPhoneSimulator = Release|iPhoneSimulator
		Release|x64 = Release|x64
		Release|x86 = Release|x86
	EndGlobalSection
	GlobalSection(ProjectConfigurationPlatforms) = postSolution
		{FC9A8731-D13D-4750-9EA7-CA9AF2FB09E5}.Debug|Any CPU.ActiveCfg = Debug|x86
		{FC9A8731-D13D-4750-9EA7-CA9AF2FB09E5}.Debug|Any CPU.Build.0 = Debug|x86
		{FC9A8731-D13D-4750-9EA7-CA9AF2FB09E5}.Debug|Any CPU.Deploy.0 = Debug|x86
		{FC9A8731-D13D-4750-9EA7-CA9AF2FB09E5}.Debug|ARM.ActiveCfg = Debug|ARM
		{FC9A8731-D13D-4750-9EA7-CA9AF2FB09E5}.Debug|ARM.Build.0 = Debug|ARM
		{FC9A8731-D13D-4750-9EA7-CA9AF2FB09E5}.Debug|ARM.Deploy.0 = Debug|ARM
		{FC9A8731-D13D-4750-9EA7-CA9AF2FB09E5}.Debug|iPhone.ActiveCfg = Debug|x86
		{FC9A8731-D13D-4750-9EA7-CA9AF2FB09E5}.Debug|iPhone.Build.0 = Debug|x86
		{FC9A8731-D13D-4750-9EA7-CA9AF2FB09E5}.Debug|iPhone.Deploy.0 = Debug|x86
		{FC9A8731-D13D-4750-9EA7-CA9AF2FB09E5}.Debug|iPhoneSimulator.ActiveCfg = Debug|x86
		{FC9A8731-D13D-4750-9EA7-CA9AF2FB09E5}.Debug|iPhoneSimulator.Build.0 = Debug|x86
		{FC9A8731-D13D-4750-9EA7-CA9AF2FB09E5}.Debug|iPhoneSimulator.Deploy.0 = Debug|x86
		{FC9A8731-D13D-4750-9EA7-CA9AF2FB09E5}.Debug|x64.ActiveCfg = Debug|x64
		{FC9A8731-D13D-4750-9EA7-CA9AF2FB09E5}.Debug|x64.Build.0 = Debug|x64
		{FC9A8731-D13D-4750-9EA7-CA9AF2FB09E5}.Debug|x64.Deploy.0 = Debug|x64
		{FC9A8731-D13D-4750-9EA7-CA9AF2FB09E5}.Debug|x86.ActiveCfg = Debug|x86
		{FC9A8731-D13D-4750-9EA7-CA9AF2FB09E5}.Debug|x86.Build.0 = Debug|x86
		{FC9A8731-D13D-4750-9EA7-CA9AF2FB09E5}.Debug|x86.Deploy.0 = Debug|x86
		{FC9A8731-D13D-4750-9EA7-CA9AF2FB09E5}.Release|Any CPU.ActiveCfg = Release|x86
		{FC9A8731-D13D-4750-9EA7-CA9AF2FB09E5}.Release|Any CPU.Build.0 = Release|x86
		{FC9A8731-D13D-4750-9EA7-CA9AF2FB09E5}.Release|Any CPU.Deploy.0 = Release|x86
		{FC9A8731-D13D-4750-9EA7-CA9AF2FB09E5}.Release|ARM.ActiveCfg = Release|ARM
		{FC9A8731-D13D-4750-9EA7-CA9AF2FB09E5}.Release|ARM.Build.0 = Release|ARM
		{FC9A8731-D13D-4750-9EA7-CA9AF2FB09E5}.Release|ARM.Deploy.0 = Release|ARM
		{FC9A8731-D13D-4750-9EA7-CA9AF2FB09E5}.Release|iPhone.ActiveCfg = Release|x86
		{FC9A8731-D13D-4750-9EA7-CA9AF2FB09E5}.Release|iPhone.Build.0 = Release|x86
		{FC9A8731-D13D-4750-9EA7-CA9AF2FB09E5}.Release|iPhone.Deploy.0 = Release|x86
		{FC9A8731-D13D-4750-9EA7-CA9AF2FB09E5}.Release|iPhoneSimulator.ActiveCfg = Release|x86
		{FC9A8731-D13D-4750-9EA7-CA9AF2FB09E5}.Release|iPhoneSimulator.Build.0 = Release|x86
		{FC9A8731-D13D-4750-9EA7-CA9AF2FB09E5}.Release|iPhoneSimulator.Deploy.0 = Release|x86
		{FC9A8731-D13D-4750-9EA7-CA9AF2FB09E5}.Release|x64.ActiveCfg = Release|x64
		{FC9A8731-D13D-4750-9EA7-CA9AF2FB09E5}.Release|x64.Build.0 = Release|x64
		{FC9A8731-D13D-4750-9EA7-CA9AF2FB09E5}.Release|x64.Deploy.0 = Release|x64
		{FC9A8731-D13D-4750-9EA7-CA9AF2FB09E5}.Release|x86.ActiveCfg = Release|x86
		{FC9A8731-D13D-4750-9EA7-CA9AF2FB09E5}.Release|x86.Build.0 = Release|x86
		{FC9A8731-D13D-4750-9EA7-CA9AF2FB09E5}.Release|x86.Deploy.0 = Release|x86
		{32CD5915-416B-45F1-A28A-7B38890A7A9C}.Debug|Any CPU.ActiveCfg = Debug|Any CPU
		{32CD5915-416B-45F1-A28A-7B38890A7A9C}.Debug|Any CPU.Build.0 = Debug|Any CPU
		{32CD5915-416B-45F1-A28A-7B38890A7A9C}.Debug|Any CPU.Deploy.0 = Debug|Any CPU
		{32CD5915-416B-45F1-A28A-7B38890A7A9C}.Debug|ARM.ActiveCfg = Debug|Any CPU
		{32CD5915-416B-45F1-A28A-7B38890A7A9C}.Debug|ARM.Build.0 = Debug|Any CPU
		{32CD5915-416B-45F1-A28A-7B38890A7A9C}.Debug|ARM.Deploy.0 = Debug|Any CPU
		{32CD5915-416B-45F1-A28A-7B38890A7A9C}.Debug|iPhone.ActiveCfg = Debug|Any CPU
		{32CD5915-416B-45F1-A28A-7B38890A7A9C}.Debug|iPhone.Build.0 = Debug|Any CPU
		{32CD5915-416B-45F1-A28A-7B38890A7A9C}.Debug|iPhone.Deploy.0 = Debug|Any CPU
		{32CD5915-416B-45F1-A28A-7B38890A7A9C}.Debug|iPhoneSimulator.ActiveCfg = Debug|Any CPU
		{32CD5915-416B-45F1-A28A-7B38890A7A9C}.Debug|iPhoneSimulator.Build.0 = Debug|Any CPU
		{32CD5915-416B-45F1-A28A-7B38890A7A9C}.Debug|iPhoneSimulator.Deploy.0 = Debug|Any CPU
		{32CD5915-416B-45F1-A28A-7B38890A7A9C}.Debug|x64.ActiveCfg = Debug|Any CPU
		{32CD5915-416B-45F1-A28A-7B38890A7A9C}.Debug|x64.Build.0 = Debug|Any CPU
		{32CD5915-416B-45F1-A28A-7B38890A7A9C}.Debug|x64.Deploy.0 = Debug|Any CPU
		{32CD5915-416B-45F1-A28A-7B38890A7A9C}.Debug|x86.ActiveCfg = Debug|Any CPU
		{32CD5915-416B-45F1-A28A-7B38890A7A9C}.Debug|x86.Build.0 = Debug|Any CPU
		{32CD5915-416B-45F1-A28A-7B38890A7A9C}.Debug|x86.Deploy.0 = Debug|Any CPU
		{32CD5915-416B-45F1-A28A-7B38890A7A9C}.Release|Any CPU.ActiveCfg = Release|Any CPU
		{32CD5915-416B-45F1-A28A-7B38890A7A9C}.Release|Any CPU.Build.0 = Release|Any CPU
		{32CD5915-416B-45F1-A28A-7B38890A7A9C}.Release|Any CPU.Deploy.0 = Release|Any CPU
		{32CD5915-416B-45F1-A28A-7B38890A7A9C}.Release|ARM.ActiveCfg = Release|Any CPU
		{32CD5915-416B-45F1-A28A-7B38890A7A9C}.Release|ARM.Build.0 = Release|Any CPU
		{32CD5915-416B-45F1-A28A-7B38890A7A9C}.Release|ARM.Deploy.0 = Release|Any CPU
		{32CD5915-416B-45F1-A28A-7B38890A7A9C}.Release|iPhone.ActiveCfg = Release|Any CPU
		{32CD5915-416B-45F1-A28A-7B38890A7A9C}.Release|iPhone.Build.0 = Release|Any CPU
		{32CD5915-416B-45F1-A28A-7B38890A7A9C}.Release|iPhone.Deploy.0 = Release|Any CPU
		{32CD5915-416B-45F1-A28A-7B38890A7A9C}.Release|iPhoneSimulator.ActiveCfg = Release|Any CPU
		{32CD5915-416B-45F1-A28A-7B38890A7A9C}.Release|iPhoneSimulator.Build.0 = Release|Any CPU
		{32CD5915-416B-45F1-A28A-7B38890A7A9C}.Release|iPhoneSimulator.Deploy.0 = Release|Any CPU
		{32CD5915-416B-45F1-A28A-7B38890A7A9C}.Release|x64.ActiveCfg = Release|Any CPU
		{32CD5915-416B-45F1-A28A-7B38890A7A9C}.Release|x64.Build.0 = Release|Any CPU
		{32CD5915-416B-45F1-A28A-7B38890A7A9C}.Release|x64.Deploy.0 = Release|Any CPU
		{32CD5915-416B-45F1-A28A-7B38890A7A9C}.Release|x86.ActiveCfg = Release|Any CPU
		{32CD5915-416B-45F1-A28A-7B38890A7A9C}.Release|x86.Build.0 = Release|Any CPU
		{32CD5915-416B-45F1-A28A-7B38890A7A9C}.Release|x86.Deploy.0 = Release|Any CPU
		{3E7DCE9E-AE77-4E9E-9CB6-57FD2C2DE8EA}.Debug|Any CPU.ActiveCfg = Debug|iPhoneSimulator
		{3E7DCE9E-AE77-4E9E-9CB6-57FD2C2DE8EA}.Debug|Any CPU.Build.0 = Debug|iPhoneSimulator
		{3E7DCE9E-AE77-4E9E-9CB6-57FD2C2DE8EA}.Debug|Any CPU.Deploy.0 = Debug|iPhoneSimulator
		{3E7DCE9E-AE77-4E9E-9CB6-57FD2C2DE8EA}.Debug|ARM.ActiveCfg = Debug|iPhone
		{3E7DCE9E-AE77-4E9E-9CB6-57FD2C2DE8EA}.Debug|ARM.Build.0 = Debug|iPhone
		{3E7DCE9E-AE77-4E9E-9CB6-57FD2C2DE8EA}.Debug|ARM.Deploy.0 = Debug|iPhone
		{3E7DCE9E-AE77-4E9E-9CB6-57FD2C2DE8EA}.Debug|iPhone.ActiveCfg = Debug|iPhone
		{3E7DCE9E-AE77-4E9E-9CB6-57FD2C2DE8EA}.Debug|iPhone.Build.0 = Debug|iPhone
		{3E7DCE9E-AE77-4E9E-9CB6-57FD2C2DE8EA}.Debug|iPhone.Deploy.0 = Debug|iPhone
		{3E7DCE9E-AE77-4E9E-9CB6-57FD2C2DE8EA}.Debug|iPhoneSimulator.ActiveCfg = Debug|iPhoneSimulator
		{3E7DCE9E-AE77-4E9E-9CB6-57FD2C2DE8EA}.Debug|iPhoneSimulator.Build.0 = Debug|iPhoneSimulator
		{3E7DCE9E-AE77-4E9E-9CB6-57FD2C2DE8EA}.Debug|iPhoneSimulator.Deploy.0 = Debug|iPhoneSimulator
		{3E7DCE9E-AE77-4E9E-9CB6-57FD2C2DE8EA}.Debug|x64.ActiveCfg = Debug|iPhoneSimulator
		{3E7DCE9E-AE77-4E9E-9CB6-57FD2C2DE8EA}.Debug|x64.Build.0 = Debug|iPhoneSimulator
		{3E7DCE9E-AE77-4E9E-9CB6-57FD2C2DE8EA}.Debug|x64.Deploy.0 = Debug|iPhoneSimulator
		{3E7DCE9E-AE77-4E9E-9CB6-57FD2C2DE8EA}.Debug|x86.ActiveCfg = Debug|iPhoneSimulator
		{3E7DCE9E-AE77-4E9E-9CB6-57FD2C2DE8EA}.Debug|x86.Build.0 = Debug|iPhoneSimulator
		{3E7DCE9E-AE77-4E9E-9CB6-57FD2C2DE8EA}.Debug|x86.Deploy.0 = Debug|iPhoneSimulator
		{3E7DCE9E-AE77-4E9E-9CB6-57FD2C2DE8EA}.Release|Any CPU.ActiveCfg = Release|iPhoneSimulator
		{3E7DCE9E-AE77-4E9E-9CB6-57FD2C2DE8EA}.Release|Any CPU.Build.0 = Release|iPhoneSimulator
		{3E7DCE9E-AE77-4E9E-9CB6-57FD2C2DE8EA}.Release|Any CPU.Deploy.0 = Release|iPhoneSimulator
		{3E7DCE9E-AE77-4E9E-9CB6-57FD2C2DE8EA}.Release|ARM.ActiveCfg = Release|iPhoneSimulator
		{3E7DCE9E-AE77-4E9E-9CB6-57FD2C2DE8EA}.Release|ARM.Build.0 = Release|iPhoneSimulator
		{3E7DCE9E-AE77-4E9E-9CB6-57FD2C2DE8EA}.Release|ARM.Deploy.0 = Release|iPhoneSimulator
		{3E7DCE9E-AE77-4E9E-9CB6-57FD2C2DE8EA}.Release|iPhone.ActiveCfg = Release|iPhone
		{3E7DCE9E-AE77-4E9E-9CB6-57FD2C2DE8EA}.Release|iPhone.Build.0 = Release|iPhone
		{3E7DCE9E-AE77-4E9E-9CB6-57FD2C2DE8EA}.Release|iPhone.Deploy.0 = Release|iPhone
		{3E7DCE9E-AE77-4E9E-9CB6-57FD2C2DE8EA}.Release|iPhoneSimulator.ActiveCfg = Release|iPhoneSimulator
		{3E7DCE9E-AE77-4E9E-9CB6-57FD2C2DE8EA}.Release|iPhoneSimulator.Build.0 = Release|iPhoneSimulator
		{3E7DCE9E-AE77-4E9E-9CB6-57FD2C2DE8EA}.Release|iPhoneSimulator.Deploy.0 = Release|iPhoneSimulator
		{3E7DCE9E-AE77-4E9E-9CB6-57FD2C2DE8EA}.Release|x64.ActiveCfg = Release|iPhoneSimulator
		{3E7DCE9E-AE77-4E9E-9CB6-57FD2C2DE8EA}.Release|x64.Build.0 = Release|iPhoneSimulator
		{3E7DCE9E-AE77-4E9E-9CB6-57FD2C2DE8EA}.Release|x64.Deploy.0 = Release|iPhoneSimulator
		{3E7DCE9E-AE77-4E9E-9CB6-57FD2C2DE8EA}.Release|x86.ActiveCfg = Release|iPhoneSimulator
		{3E7DCE9E-AE77-4E9E-9CB6-57FD2C2DE8EA}.Release|x86.Build.0 = Release|iPhoneSimulator
		{3E7DCE9E-AE77-4E9E-9CB6-57FD2C2DE8EA}.Release|x86.Deploy.0 = Release|iPhoneSimulator
		{025EEA68-07B0-419B-BB91-CCE53568C410}.Debug|Any CPU.ActiveCfg = Debug|Any CPU
		{025EEA68-07B0-419B-BB91-CCE53568C410}.Debug|Any CPU.Build.0 = Debug|Any CPU
		{025EEA68-07B0-419B-BB91-CCE53568C410}.Debug|Any CPU.Deploy.0 = Debug|Any CPU
		{025EEA68-07B0-419B-BB91-CCE53568C410}.Debug|ARM.ActiveCfg = Debug|Any CPU
		{025EEA68-07B0-419B-BB91-CCE53568C410}.Debug|ARM.Build.0 = Debug|Any CPU
		{025EEA68-07B0-419B-BB91-CCE53568C410}.Debug|ARM.Deploy.0 = Debug|Any CPU
		{025EEA68-07B0-419B-BB91-CCE53568C410}.Debug|iPhone.ActiveCfg = Debug|Any CPU
		{025EEA68-07B0-419B-BB91-CCE53568C410}.Debug|iPhone.Build.0 = Debug|Any CPU
		{025EEA68-07B0-419B-BB91-CCE53568C410}.Debug|iPhone.Deploy.0 = Debug|Any CPU
		{025EEA68-07B0-419B-BB91-CCE53568C410}.Debug|iPhoneSimulator.ActiveCfg = Debug|Any CPU
		{025EEA68-07B0-419B-BB91-CCE53568C410}.Debug|iPhoneSimulator.Build.0 = Debug|Any CPU
		{025EEA68-07B0-419B-BB91-CCE53568C410}.Debug|iPhoneSimulator.Deploy.0 = Debug|Any CPU
		{025EEA68-07B0-419B-BB91-CCE53568C410}.Debug|x64.ActiveCfg = Debug|Any CPU
		{025EEA68-07B0-419B-BB91-CCE53568C410}.Debug|x64.Build.0 = Debug|Any CPU
		{025EEA68-07B0-419B-BB91-CCE53568C410}.Debug|x64.Deploy.0 = Debug|Any CPU
		{025EEA68-07B0-419B-BB91-CCE53568C410}.Debug|x86.ActiveCfg = Debug|Any CPU
		{025EEA68-07B0-419B-BB91-CCE53568C410}.Debug|x86.Build.0 = Debug|Any CPU
		{025EEA68-07B0-419B-BB91-CCE53568C410}.Debug|x86.Deploy.0 = Debug|Any CPU
		{025EEA68-07B0-419B-BB91-CCE53568C410}.Release|Any CPU.ActiveCfg = Release|Any CPU
		{025EEA68-07B0-419B-BB91-CCE53568C410}.Release|Any CPU.Build.0 = Release|Any CPU
		{025EEA68-07B0-419B-BB91-CCE53568C410}.Release|Any CPU.Deploy.0 = Release|Any CPU
		{025EEA68-07B0-419B-BB91-CCE53568C410}.Release|ARM.ActiveCfg = Release|Any CPU
		{025EEA68-07B0-419B-BB91-CCE53568C410}.Release|ARM.Build.0 = Release|Any CPU
		{025EEA68-07B0-419B-BB91-CCE53568C410}.Release|ARM.Deploy.0 = Release|Any CPU
		{025EEA68-07B0-419B-BB91-CCE53568C410}.Release|iPhone.ActiveCfg = Release|Any CPU
		{025EEA68-07B0-419B-BB91-CCE53568C410}.Release|iPhone.Build.0 = Release|Any CPU
		{025EEA68-07B0-419B-BB91-CCE53568C410}.Release|iPhone.Deploy.0 = Release|Any CPU
		{025EEA68-07B0-419B-BB91-CCE53568C410}.Release|iPhoneSimulator.ActiveCfg = Release|Any CPU
		{025EEA68-07B0-419B-BB91-CCE53568C410}.Release|iPhoneSimulator.Build.0 = Release|Any CPU
		{025EEA68-07B0-419B-BB91-CCE53568C410}.Release|iPhoneSimulator.Deploy.0 = Release|Any CPU
		{025EEA68-07B0-419B-BB91-CCE53568C410}.Release|x64.ActiveCfg = Release|Any CPU
		{025EEA68-07B0-419B-BB91-CCE53568C410}.Release|x64.Build.0 = Release|Any CPU
		{025EEA68-07B0-419B-BB91-CCE53568C410}.Release|x64.Deploy.0 = Release|Any CPU
		{025EEA68-07B0-419B-BB91-CCE53568C410}.Release|x86.ActiveCfg = Release|Any CPU
		{025EEA68-07B0-419B-BB91-CCE53568C410}.Release|x86.Build.0 = Release|Any CPU
		{025EEA68-07B0-419B-BB91-CCE53568C410}.Release|x86.Deploy.0 = Release|Any CPU
	EndGlobalSection
	GlobalSection(SolutionProperties) = preSolution
		HideSolutionNode = FALSE
	EndGlobalSection
	GlobalSection(ExtensibilityGlobals) = postSolution
		SolutionGuid = {1593B45A-1180-4012-A449-F184B3883D30}
	EndGlobalSection
EndGlobal
